# This file is automatically @generated by Poetry 1.8.4 and should not be changed by hand.

[[package]]
name = "pyparsing"
version = "3.2.0"
description = "pyparsing module - Classes and methods to define and execute parsing grammars"
optional = false
python-versions = ">=3.9"
files = [
    {file = "pyparsing-3.2.0-py3-none-any.whl", hash = "sha256:93d9577b88da0bbea8cc8334ee8b918ed014968fd2ec383e868fb8afb1ccef84"},
    {file = "pyparsing-3.2.0.tar.gz", hash = "sha256:cbf74e27246d595d9a74b186b810f6fbb86726dbf3b9532efb343f6d7294fe9c"},
]

[package.extras]
diagrams = ["jinja2", "railroad-diagrams"]

[[package]]
name = "rdflib"
version = "7.1.1"
description = "RDFLib is a Python library for working with RDF, a simple yet powerful language for representing information."
optional = false
python-versions = "<4.0.0,>=3.8.1"
files = [
    {file = "rdflib-7.1.1-py3-none-any.whl", hash = "sha256:e590fa9a2c34ba33a667818b5a84be3fb8a4d85868f8038f17912ec84f912a25"},
    {file = "rdflib-7.1.1.tar.gz", hash = "sha256:164de86bd3564558802ca983d84f6616a4a1a420c7a17a8152f5016076b2913e"},
]

[package.dependencies]
pyparsing = ">=2.1.0,<4"

[package.extras]
berkeleydb = ["berkeleydb (>=18.1.0,<19.0.0)"]
html = ["html5rdf (>=1.2,<2)"]
lxml = ["lxml (>=4.3,<6.0)"]
networkx = ["networkx (>=2,<4)"]
orjson = ["orjson (>=3.9.14,<4)"]

[metadata]
lock-version = "2.0"
python-versions = "^3.12"
content-hash = "3c77705d2c3e68dedfedc6f35f6cd1edaf7428cf8cf90853f194cca05ebc2762"
